
Microsoft Visual Studio Solution File, Format Version 12.00
Project("{FAE04EC0-301F-11D3-BF4B-00C04F79EFBC}") = "Metaheurystyki", "Metaheurystyki\Metaheurystyki.csproj", "{0AA6350F-21C8-4631-9BD4-CFF124E5E4E6}"
EndProject
Global
	GlobalSection(SolutionConfigurationPlatforms) = preSolution
		Debug|Any CPU = Debug|Any CPU
		Release|Any CPU = Release|Any CPU
	EndGlobalSection
	GlobalSection(ProjectConfigurationPlatforms) = postSolution
		{0AA6350F-21C8-4631-9BD4-CFF124E5E4E6}.Debug|Any CPU.ActiveCfg = Debug|Any CPU
		{0AA6350F-21C8-4631-9BD4-CFF124E5E4E6}.Debug|Any CPU.Build.0 = Debug|Any CPU
		{0AA6350F-21C8-4631-9BD4-CFF124E5E4E6}.Release|Any CPU.ActiveCfg = Release|Any CPU
		{0AA6350F-21C8-4631-9BD4-CFF124E5E4E6}.Release|Any CPU.Build.0 = Release|Any CPU
	EndGlobalSection
EndGlobal
